// !$*UTF8*$!
{
	archiveVersion = 1;
	classes = {
	};
	objectVersion = 56;
	objects = {

/* Begin PBXBuildFile section */
		919CA21229F711E400D4EAA4 /* ShoppingAppApp.swift in Sources */ = {isa = PBXBuildFile; fileRef = 919CA21129F711E400D4EAA4 /* ShoppingAppApp.swift */; };
		919CA21429F711E400D4EAA4 /* ContentView.swift in Sources */ = {isa = PBXBuildFile; fileRef = 919CA21329F711E400D4EAA4 /* ContentView.swift */; };
		919CA21629F711E600D4EAA4 /* Assets.xcassets in Resources */ = {isa = PBXBuildFile; fileRef = 919CA21529F711E600D4EAA4 /* Assets.xcassets */; };
		919CA21929F711E600D4EAA4 /* Preview Assets.xcassets in Resources */ = {isa = PBXBuildFile; fileRef = 919CA21829F711E600D4EAA4 /* Preview Assets.xcassets */; };
		919CA22329F711E600D4EAA4 /* ShoppingAppTests.swift in Sources */ = {isa = PBXBuildFile; fileRef = 919CA22229F711E600D4EAA4 /* ShoppingAppTests.swift */; };
		919CA22D29F711E600D4EAA4 /* ShoppingAppUITests.swift in Sources */ = {isa = PBXBuildFile; fileRef = 919CA22C29F711E600D4EAA4 /* ShoppingAppUITests.swift */; };
		919CA22F29F711E600D4EAA4 /* ShoppingAppUITestsLaunchTests.swift in Sources */ = {isa = PBXBuildFile; fileRef = 919CA22E29F711E600D4EAA4 /* ShoppingAppUITestsLaunchTests.swift */; };
		919CA23C29F71B2400D4EAA4 /* OnBoardingScreenView.swift in Sources */ = {isa = PBXBuildFile; fileRef = 919CA23B29F71B2400D4EAA4 /* OnBoardingScreenView.swift */; };
		919CA23F29F71B7900D4EAA4 /* HomeScreen.swift in Sources */ = {isa = PBXBuildFile; fileRef = 919CA23E29F71B7900D4EAA4 /* HomeScreen.swift */; };
		919CA24229F724C200D4EAA4 /* ImageData.swift in Sources */ = {isa = PBXBuildFile; fileRef = 919CA24129F724C200D4EAA4 /* ImageData.swift */; };
		919CA24429F724E600D4EAA4 /* NearYouData.swift in Sources */ = {isa = PBXBuildFile; fileRef = 919CA24329F724E600D4EAA4 /* NearYouData.swift */; };
		919CA24629F7A90400D4EAA4 /* FruitCartView.swift in Sources */ = {isa = PBXBuildFile; fileRef = 919CA24529F7A90300D4EAA4 /* FruitCartView.swift */; };
		919CA24829F7C32A00D4EAA4 /* DetailsView.swift in Sources */ = {isa = PBXBuildFile; fileRef = 919CA24729F7C32A00D4EAA4 /* DetailsView.swift */; };
		919CA24A29F7C37B00D4EAA4 /* TopSellingView.swift in Sources */ = {isa = PBXBuildFile; fileRef = 919CA24929F7C37B00D4EAA4 /* TopSellingView.swift */; };
		919E4AE12A02CED80028D736 /* NearYouView.swift in Sources */ = {isa = PBXBuildFile; fileRef = 919E4AE02A02CED80028D736 /* NearYouView.swift */; };
/* End PBXBuildFile section */

/* Begin PBXContainerItemProxy section */
		919CA21F29F711E600D4EAA4 /* PBXContainerItemProxy */ = {
			isa = PBXContainerItemProxy;
			containerPortal = 919CA20629F711E400D4EAA4 /* Project object */;
			proxyType = 1;
			remoteGlobalIDString = 919CA20D29F711E400D4EAA4;
			remoteInfo = ShoppingApp;
		};
		919CA22929F711E600D4EAA4 /* PBXContainerItemProxy */ = {
			isa = PBXContainerItemProxy;
			containerPortal = 919CA20629F711E400D4EAA4 /* Project object */;
			proxyType = 1;
			remoteGlobalIDString = 919CA20D29F711E400D4EAA4;
			remoteInfo = ShoppingApp;
		};
/* End PBXContainerItemProxy section */

/* Begin PBXFileReference section */
		919CA20E29F711E400D4EAA4 /* ShoppingApp.app */ = {isa = PBXFileReference; explicitFileType = wrapper.application; includeInIndex = 0; path = ShoppingApp.app; sourceTree = BUILT_PRODUCTS_DIR; };
		919CA21129F711E400D4EAA4 /* ShoppingAppApp.swift */ = {isa = PBXFileReference; lastKnownFileType = sourcecode.swift; path = ShoppingAppApp.swift; sourceTree = "<group>"; };
		919CA21329F711E400D4EAA4 /* ContentView.swift */ = {isa = PBXFileReference; lastKnownFileType = sourcecode.swift; path = ContentView.swift; sourceTree = "<group>"; };
		919CA21529F711E600D4EAA4 /* Assets.xcassets */ = {isa = PBXFileReference; lastKnownFileType = folder.assetcatalog; path = Assets.xcassets; sourceTree = "<group>"; };
		919CA21829F711E600D4EAA4 /* Preview Assets.xcassets */ = {isa = PBXFileReference; lastKnownFileType = folder.assetcatalog; path = "Preview Assets.xcassets"; sourceTree = "<group>"; };
		919CA21E29F711E600D4EAA4 /* ShoppingAppTests.xctest */ = {isa = PBXFileReference; explicitFileType = wrapper.cfbundle; includeInIndex = 0; path = ShoppingAppTests.xctest; sourceTree = BUILT_PRODUCTS_DIR; };
		919CA22229F711E600D4EAA4 /* ShoppingAppTests.swift */ = {isa = PBXFileReference; lastKnownFileType = sourcecode.swift; path = ShoppingAppTests.swift; sourceTree = "<group>"; };
		919CA22829F711E600D4EAA4 /* ShoppingAppUITests.xctest */ = {isa = PBXFileReference; explicitFileType = wrapper.cfbundle; includeInIndex = 0; path = ShoppingAppUITests.xctest; sourceTree = BUILT_PRODUCTS_DIR; };
		919CA22C29F711E600D4EAA4 /* ShoppingAppUITests.swift */ = {isa = PBXFileReference; lastKnownFileType = sourcecode.swift; path = ShoppingAppUITests.swift; sourceTree = "<group>"; };
		919CA22E29F711E600D4EAA4 /* ShoppingAppUITestsLaunchTests.swift */ = {isa = PBXFileReference; lastKnownFileType = sourcecode.swift; path = ShoppingAppUITestsLaunchTests.swift; sourceTree = "<group>"; };
		919CA23B29F71B2400D4EAA4 /* OnBoardingScreenView.swift */ = {isa = PBXFileReference; lastKnownFileType = sourcecode.swift; path = OnBoardingScreenView.swift; sourceTree = "<group>"; };
		919CA23E29F71B7900D4EAA4 /* HomeScreen.swift */ = {isa = PBXFileReference; lastKnownFileType = sourcecode.swift; path = HomeScreen.swift; sourceTree = "<group>"; };
		919CA24129F724C200D4EAA4 /* ImageData.swift */ = {isa = PBXFileReference; lastKnownFileType = sourcecode.swift; path = ImageData.swift; sourceTree = "<group>"; };
		919CA24329F724E600D4EAA4 /* NearYouData.swift */ = {isa = PBXFileReference; lastKnownFileType = sourcecode.swift; path = NearYouData.swift; sourceTree = "<group>"; };
		919CA24529F7A90300D4EAA4 /* FruitCartView.swift */ = {isa = PBXFileReference; lastKnownFileType = sourcecode.swift; path = FruitCartView.swift; sourceTree = "<group>"; };
		919CA24729F7C32A00D4EAA4 /* DetailsView.swift */ = {isa = PBXFileReference; lastKnownFileType = sourcecode.swift; path = DetailsView.swift; sourceTree = "<group>"; };
		919CA24929F7C37B00D4EAA4 /* TopSellingView.swift */ = {isa = PBXFileReference; lastKnownFileType = sourcecode.swift; path = TopSellingView.swift; sourceTree = "<group>"; };
		919E4AE02A02CED80028D736 /* NearYouView.swift */ = {isa = PBXFileReference; lastKnownFileType = sourcecode.swift; path = NearYouView.swift; sourceTree = "<group>"; };
/* End PBXFileReference section */

/* Begin PBXFrameworksBuildPhase section */
		919CA20B29F711E400D4EAA4 /* Frameworks */ = {
			isa = PBXFrameworksBuildPhase;
			buildActionMask = 2147483647;
			files = (
			);
			runOnlyForDeploymentPostprocessing = 0;
		};
		919CA21B29F711E600D4EAA4 /* Frameworks */ = {
			isa = PBXFrameworksBuildPhase;
			buildActionMask = 2147483647;
			files = (
			);
			runOnlyForDeploymentPostprocessing = 0;
		};
		919CA22529F711E600D4EAA4 /* Frameworks */ = {
			isa = PBXFrameworksBuildPhase;
			buildActionMask = 2147483647;
			files = (
			);
			runOnlyForDeploymentPostprocessing = 0;
		};
/* End PBXFrameworksBuildPhase section */

/* Begin PBXGroup section */
		919CA20529F711E400D4EAA4 = {
			isa = PBXGroup;
			children = (
				919CA21029F711E400D4EAA4 /* ShoppingApp */,
				919CA22129F711E600D4EAA4 /* ShoppingAppTests */,
				919CA22B29F711E600D4EAA4 /* ShoppingAppUITests */,
				919CA20F29F711E400D4EAA4 /* Products */,
			);
			sourceTree = "<group>";
		};
		919CA20F29F711E400D4EAA4 /* Products */ = {
			isa = PBXGroup;
			children = (
				919CA20E29F711E400D4EAA4 /* ShoppingApp.app */,
				919CA21E29F711E600D4EAA4 /* ShoppingAppTests.xctest */,
				919CA22829F711E600D4EAA4 /* ShoppingAppUITests.xctest */,
			);
			name = Products;
			sourceTree = "<group>";
		};
		919CA21029F711E400D4EAA4 /* ShoppingApp */ = {
			isa = PBXGroup;
			children = (
				919CA24029F7249400D4EAA4 /* Model */,
				919CA23D29F71B4400D4EAA4 /* HomeScreenViews */,
				919CA21129F711E400D4EAA4 /* ShoppingAppApp.swift */,
				919CA21329F711E400D4EAA4 /* ContentView.swift */,
				919CA21529F711E600D4EAA4 /* Assets.xcassets */,
				919CA21729F711E600D4EAA4 /* Preview Content */,
				919CA23B29F71B2400D4EAA4 /* OnBoardingScreenView.swift */,
			);
			path = ShoppingApp;
			sourceTree = "<group>";
		};
		919CA21729F711E600D4EAA4 /* Preview Content */ = {
			isa = PBXGroup;
			children = (
				919CA21829F711E600D4EAA4 /* Preview Assets.xcassets */,
			);
			path = "Preview Content";
			sourceTree = "<group>";
		};
		919CA22129F711E600D4EAA4 /* ShoppingAppTests */ = {
			isa = PBXGroup;
			children = (
				919CA22229F711E600D4EAA4 /* ShoppingAppTests.swift */,
			);
			path = ShoppingAppTests;
			sourceTree = "<group>";
		};
		919CA22B29F711E600D4EAA4 /* ShoppingAppUITests */ = {
			isa = PBXGroup;
			children = (
				919CA22C29F711E600D4EAA4 /* ShoppingAppUITests.swift */,
				919CA22E29F711E600D4EAA4 /* ShoppingAppUITestsLaunchTests.swift */,
			);
			path = ShoppingAppUITests;
			sourceTree = "<group>";
		};
		919CA23D29F71B4400D4EAA4 /* HomeScreenViews */ = {
			isa = PBXGroup;
			children = (
				919CA23E29F71B7900D4EAA4 /* HomeScreen.swift */,
				919CA24529F7A90300D4EAA4 /* FruitCartView.swift */,
				919CA24729F7C32A00D4EAA4 /* DetailsView.swift */,
				919CA24929F7C37B00D4EAA4 /* TopSellingView.swift */,
				919E4AE02A02CED80028D736 /* NearYouView.swift */,
			);
			path = HomeScreenViews;
			sourceTree = "<group>";
		};
		919CA24029F7249400D4EAA4 /* Model */ = {
			isa = PBXGroup;
			children = (
				919CA24129F724C200D4EAA4 /* ImageData.swift */,
				919CA24329F724E600D4EAA4 /* NearYouData.swift */,
			);
			path = Model;
			sourceTree = "<group>";
		};
/* End PBXGroup section */

/* Begin PBXNativeTarget section */
		919CA20D29F711E400D4EAA4 /* ShoppingApp */ = {
			isa = PBXNativeTarget;
			buildConfigurationList = 919CA23229F711E600D4EAA4 /* Build configuration list for PBXNativeTarget "ShoppingApp" */;
			buildPhases = (
				919CA20A29F711E400D4EAA4 /* Sources */,
				919CA20B29F711E400D4EAA4 /* Frameworks */,
				919CA20C29F711E400D4EAA4 /* Resources */,
			);
			buildRules = (
			);
			dependencies = (
			);
			name = ShoppingApp;
			productName = ShoppingApp;
			productReference = 919CA20E29F711E400D4EAA4 /* ShoppingApp.app */;
			productType = "com.apple.product-type.application";
		};
		919CA21D29F711E600D4EAA4 /* ShoppingAppTests */ = {
			isa = PBXNativeTarget;
			buildConfigurationList = 919CA23529F711E600D4EAA4 /* Build configuration list for PBXNativeTarget "ShoppingAppTests" */;
			buildPhases = (
				919CA21A29F711E600D4EAA4 /* Sources */,
				919CA21B29F711E600D4EAA4 /* Frameworks */,
				919CA21C29F711E600D4EAA4 /* Resources */,
			);
			buildRules = (
			);
			dependencies = (
				919CA22029F711E600D4EAA4 /* PBXTargetDependency */,
			);
			name = ShoppingAppTests;
			productName = ShoppingAppTests;
			productReference = 919CA21E29F711E600D4EAA4 /* ShoppingAppTests.xctest */;
			productType = "com.apple.product-type.bundle.unit-test";
		};
		919CA22729F711E600D4EAA4 /* ShoppingAppUITests */ = {
			isa = PBXNativeTarget;
			buildConfigurationList = 919CA23829F711E600D4EAA4 /* Build configuration list for PBXNativeTarget "ShoppingAppUITests" */;
			buildPhases = (
				919CA22429F711E600D4EAA4 /* Sources */,
				919CA22529F711E600D4EAA4 /* Frameworks */,
				919CA22629F711E600D4EAA4 /* Resources */,
			);
			buildRules = (
			);
			dependencies = (
				919CA22A29F711E600D4EAA4 /* PBXTargetDependency */,
			);
			name = ShoppingAppUITests;
			productName = ShoppingAppUITests;
			productReference = 919CA22829F711E600D4EAA4 /* ShoppingAppUITests.xctest */;
			productType = "com.apple.product-type.bundle.ui-testing";
		};
/* End PBXNativeTarget section */

/* Begin PBXProject section */
		919CA20629F711E400D4EAA4 /* Project object */ = {
			isa = PBXProject;
			attributes = {
				BuildIndependentTargetsInParallel = 1;
				LastSwiftUpdateCheck = 1420;
				LastUpgradeCheck = 1420;
				TargetAttributes = {
					919CA20D29F711E400D4EAA4 = {
						CreatedOnToolsVersion = 14.2;
					};
					919CA21D29F711E600D4EAA4 = {
						CreatedOnToolsVersion = 14.2;
						TestTargetID = 919CA20D29F711E400D4EAA4;
					};
					919CA22729F711E600D4EAA4 = {
						CreatedOnToolsVersion = 14.2;
						TestTargetID = 919CA20D29F711E400D4EAA4;
					};
				};
			};
			buildConfigurationList = 919CA20929F711E400D4EAA4 /* Build configuration list for PBXProject "ShoppingApp" */;
			compatibilityVersion = "Xcode 14.0";
			developmentRegion = en;
			hasScannedForEncodings = 0;
			knownRegions = (
				en,
				Base,
			);
			mainGroup = 919CA20529F711E400D4EAA4;
			productRefGroup = 919CA20F29F711E400D4EAA4 /* Products */;
			projectDirPath = "";
			projectRoot = "";
			targets = (
				919CA20D29F711E400D4EAA4 /* ShoppingApp */,
				919CA21D29F711E600D4EAA4 /* ShoppingAppTests */,
				919CA22729F711E600D4EAA4 /* ShoppingAppUITests */,
			);
		};
/* End PBXProject section */

/* Begin PBXResourcesBuildPhase section */
		919CA20C29F711E400D4EAA4 /* Resources */ = {
			isa = PBXResourcesBuildPhase;
			buildActionMask = 2147483647;
			files = (
				919CA21929F711E600D4EAA4 /* Preview Assets.xcassets in Resources */,
				919CA21629F711E600D4EAA4 /* Assets.xcassets in Resources */,
			);
			runOnlyForDeploymentPostprocessing = 0;
		};
		919CA21C29F711E600D4EAA4 /* Resources */ = {
			isa = PBXResourcesBuildPhase;
			buildActionMask = 2147483647;
			files = (
			);
			runOnlyForDeploymentPostprocessing = 0;
		};
		919CA22629F711E600D4EAA4 /* Resources */ = {
			isa = PBXResourcesBuildPhase;
			buildActionMask = 2147483647;
			files = (
			);
			runOnlyForDeploymentPostprocessing = 0;
		};
/* End PBXResourcesBuildPhase section */

/* Begin PBXSourcesBuildPhase section */
		919CA20A29F711E400D4EAA4 /* Sources */ = {
			isa = PBXSourcesBuildPhase;
			buildActionMask = 2147483647;
			files = (
				919CA23F29F71B7900D4EAA4 /* HomeScreen.swift in Sources */,
				919CA24629F7A90400D4EAA4 /* FruitCartView.swift in Sources */,
				919CA24A29F7C37B00D4EAA4 /* TopSellingView.swift in Sources */,
				919CA24429F724E600D4EAA4 /* NearYouData.swift in Sources */,
				919CA23C29F71B2400D4EAA4 /* OnBoardingScreenView.swift in Sources */,
				919CA21429F711E400D4EAA4 /* ContentView.swift in Sources */,
				919E4AE12A02CED80028D736 /* NearYouView.swift in Sources */,
				919CA24829F7C32A00D4EAA4 /* DetailsView.swift in Sources */,
				919CA24229F724C200D4EAA4 /* ImageData.swift in Sources */,
				919CA21229F711E400D4EAA4 /* ShoppingAppApp.swift in Sources */,
			);
			runOnlyForDeploymentPostprocessing = 0;
		};
		919CA21A29F711E600D4EAA4 /* Sources */ = {
			isa = PBXSourcesBuildPhase;
			buildActionMask = 2147483647;
			files = (
				919CA22329F711E600D4EAA4 /* ShoppingAppTests.swift in Sources */,
			);
			runOnlyForDeploymentPostprocessing = 0;
		};
		919CA22429F711E600D4EAA4 /* Sources */ = {
			isa = PBXSourcesBuildPhase;
			buildActionMask = 2147483647;
			files = (
				919CA22F29F711E600D4EAA4 /* ShoppingAppUITestsLaunchTests.swift in Sources */,
				919CA22D29F711E600D4EAA4 /* ShoppingAppUITests.swift in Sources */,
			);
			runOnlyForDeploymentPostprocessing = 0;
		};
/* End PBXSourcesBuildPhase section */

/* Begin PBXTargetDependency section */
		919CA22029F711E600D4EAA4 /* PBXTargetDependency */ = {
			isa = PBXTargetDependency;
			target = 919CA20D29F711E400D4EAA4 /* ShoppingApp */;
			targetProxy = 919CA21F29F711E600D4EAA4 /* PBXContainerItemProxy */;
		};
		919CA22A29F711E600D4EAA4 /* PBXTargetDependency */ = {
			isa = PBXTargetDependency;
			target = 919CA20D29F711E400D4EAA4 /* ShoppingApp */;
			targetProxy = 919CA22929F711E600D4EAA4 /* PBXContainerItemProxy */;
		};
/* End PBXTargetDependency section */

/* Begin XCBuildConfiguration section */
		919CA23029F711E600D4EAA4 /* Debug */ = {
			isa = XCBuildConfiguration;
			buildSettings = {
				ALWAYS_SEARCH_USER_PATHS = NO;
				CLANG_ANALYZER_NONNULL = YES;
				CLANG_ANALYZER_NUMBER_OBJECT_CONVERSION = YES_AGGRESSIVE;
				CLANG_CXX_LANGUAGE_STANDARD = "gnu++20";
				CLANG_ENABLE_MODULES = YES;
				CLANG_ENABLE_OBJC_ARC = YES;
				CLANG_ENABLE_OBJC_WEAK = YES;
				CLANG_WARN_BLOCK_CAPTURE_AUTORELEASING = YES;
				CLANG_WARN_BOOL_CONVERSION = YES;
				CLANG_WARN_COMMA = YES;
				CLANG_WARN_CONSTANT_CONVERSION = YES;
				CLANG_WARN_DEPRECATED_OBJC_IMPLEMENTATIONS = YES;
				CLANG_WARN_DIRECT_OBJC_ISA_USAGE = YES_ERROR;
				CLANG_WARN_DOCUMENTATION_COMMENTS = YES;
				CLANG_WARN_EMPTY_BODY = YES;
				CLANG_WARN_ENUM_CONVERSION = YES;
				CLANG_WARN_INFINITE_RECURSION = YES;
				CLANG_WARN_INT_CONVERSION = YES;
				CLANG_WARN_NON_LITERAL_NULL_CONVERSION = YES;
				CLANG_WARN_OBJC_IMPLICIT_RETAIN_SELF = YES;
				CLANG_WARN_OBJC_LITERAL_CONVERSION = YES;
				CLANG_WARN_OBJC_ROOT_CLASS = YES_ERROR;
				CLANG_WARN_QUOTED_INCLUDE_IN_FRAMEWORK_HEADER = YES;
				CLANG_WARN_RANGE_LOOP_ANALYSIS = YES;
				CLANG_WARN_STRICT_PROTOTYPES = YES;
				CLANG_WARN_SUSPICIOUS_MOVE = YES;
				CLANG_WARN_UNGUARDED_AVAILABILITY = YES_AGGRESSIVE;
				CLANG_WARN_UNREACHABLE_CODE = YES;
				CLANG_WARN__DUPLICATE_METHOD_MATCH = YES;
				COPY_PHASE_STRIP = NO;
				DEBUG_INFORMATION_FORMAT = dwarf;
				ENABLE_STRICT_OBJC_MSGSEND = YES;
				ENABLE_TESTABILITY = YES;
				GCC_C_LANGUAGE_STANDARD = gnu11;
				GCC_DYNAMIC_NO_PIC = NO;
				GCC_NO_COMMON_BLOCKS = YES;
				GCC_OPTIMIZATION_LEVEL = 0;
				GCC_PREPROCESSOR_DEFINITIONS = (
					"DEBUG=1",
					"$(inherited)",
				);
				GCC_WARN_64_TO_32_BIT_CONVERSION = YES;
				GCC_WARN_ABOUT_RETURN_TYPE = YES_ERROR;
				GCC_WARN_UNDECLARED_SELECTOR = YES;
				GCC_WARN_UNINITIALIZED_AUTOS = YES_AGGRESSIVE;
				GCC_WARN_UNUSED_FUNCTION = YES;
				GCC_WARN_UNUSED_VARIABLE = YES;
				IPHONEOS_DEPLOYMENT_TARGET = 16.2;
				MTL_ENABLE_DEBUG_INFO = INCLUDE_SOURCE;
				MTL_FAST_MATH = YES;
				ONLY_ACTIVE_ARCH = YES;
				SDKROOT = iphoneos;
				SWIFT_ACTIVE_COMPILATION_CONDITIONS = DEBUG;
				SWIFT_OPTIMIZATION_LEVEL = "-Onone";
			};
			name = Debug;
		};
		919CA23129F711E600D4EAA4 /* Release */ = {
			isa = XCBuildConfiguration;
			buildSettings = {
				ALWAYS_SEARCH_USER_PATHS = NO;
				CLANG_ANALYZER_NONNULL = YES;
				CLANG_ANALYZER_NUMBER_OBJECT_CONVERSION = YES_AGGRESSIVE;
				CLANG_CXX_LANGUAGE_STANDARD = "gnu++20";
				CLANG_ENABLE_MODULES = YES;
				CLANG_ENABLE_OBJC_ARC = YES;
				CLANG_ENABLE_OBJC_WEAK = YES;
				CLANG_WARN_BLOCK_CAPTURE_AUTORELEASING = YES;
				CLANG_WARN_BOOL_CONVERSION = YES;
				CLANG_WARN_COMMA = YES;
				CLANG_WARN_CONSTANT_CONVERSION = YES;
				CLANG_WARN_DEPRECATED_OBJC_IMPLEMENTATIONS = YES;
				CLANG_WARN_DIRECT_OBJC_ISA_USAGE = YES_ERROR;
				CLANG_WARN_DOCUMENTATION_COMMENTS = YES;
				CLANG_WARN_EMPTY_BODY = YES;
				CLANG_WARN_ENUM_CONVERSION = YES;
				CLANG_WARN_INFINITE_RECURSION = YES;
				CLANG_WARN_INT_CONVERSION = YES;
				CLANG_WARN_NON_LITERAL_NULL_CONVERSION = YES;
				CLANG_WARN_OBJC_IMPLICIT_RETAIN_SELF = YES;
				CLANG_WARN_OBJC_LITERAL_CONVERSION = YES;
				CLANG_WARN_OBJC_ROOT_CLASS = YES_ERROR;
				CLANG_WARN_QUOTED_INCLUDE_IN_FRAMEWORK_HEADER = YES;
				CLANG_WARN_RANGE_LOOP_ANALYSIS = YES;
				CLANG_WARN_STRICT_PROTOTYPES = YES;
				CLANG_WARN_SUSPICIOUS_MOVE = YES;
				CLANG_WARN_UNGUARDED_AVAILABILITY = YES_AGGRESSIVE;
				CLANG_WARN_UNREACHABLE_CODE = YES;
				CLANG_WARN__DUPLICATE_METHOD_MATCH = YES;
				COPY_PHASE_STRIP = NO;
				DEBUG_INFORMATION_FORMAT = "dwarf-with-dsym";
				ENABLE_NS_ASSERTIONS = NO;
				ENABLE_STRICT_OBJC_MSGSEND = YES;
				GCC_C_LANGUAGE_STANDARD = gnu11;
				GCC_NO_COMMON_BLOCKS = YES;
				GCC_WARN_64_TO_32_BIT_CONVERSION = YES;
				GCC_WARN_ABOUT_RETURN_TYPE = YES_ERROR;
				GCC_WARN_UNDECLARED_SELECTOR = YES;
				GCC_WARN_UNINITIALIZED_AUTOS = YES_AGGRESSIVE;
				GCC_WARN_UNUSED_FUNCTION = YES;
				GCC_WARN_UNUSED_VARIABLE = YES;
				IPHONEOS_DEPLOYMENT_TARGET = 16.2;
				MTL_ENABLE_DEBUG_INFO = NO;
				MTL_FAST_MATH = YES;
				SDKROOT = iphoneos;
				SWIFT_COMPILATION_MODE = wholemodule;
				SWIFT_OPTIMIZATION_LEVEL = "-O";
				VALIDATE_PRODUCT = YES;
			};
			name = Release;
		};
		919CA23329F711E600D4EAA4 /* Debug */ = {
			isa = XCBuildConfiguration;
			buildSettings = {
				ASSETCATALOG_COMPILER_APPICON_NAME = AppIcon;
				ASSETCATALOG_COMPILER_GLOBAL_ACCENT_COLOR_NAME = AccentColor;
				CODE_SIGN_STYLE = Automatic;
				CURRENT_PROJECT_VERSION = 1;
				DEVELOPMENT_ASSET_PATHS = "\"ShoppingApp/Preview Content\"";
				ENABLE_PREVIEWS = YES;
				GENERATE_INFOPLIST_FILE = YES;
				INFOPLIST_KEY_UIApplicationSceneManifest_Generation = YES;
				INFOPLIST_KEY_UIApplicationSupportsIndirectInputEvents = YES;
				INFOPLIST_KEY_UILaunchScreen_Generation = YES;
				INFOPLIST_KEY_UISupportedInterfaceOrientations_iPad = "UIInterfaceOrientationPortrait UIInterfaceOrientationPortraitUpsideDown UIInterfaceOrientationLandscapeLeft UIInterfaceOrientationLandscapeRight";
				INFOPLIST_KEY_UISupportedInterfaceOrientations_iPhone = "UIInterfaceOrientationPortrait UIInterfaceOrientationLandscapeLeft UIInterfaceOrientationLandscapeRight";
				LD_RUNPATH_SEARCH_PATHS = (
					"$(inherited)",
					"@executable_path/Frameworks",
				);
				MARKETING_VERSION = 1.0;
				PRODUCT_BUNDLE_IDENTIFIER = "PCL-Health.ShoppingApp";
				PRODUCT_NAME = "$(TARGET_NAME)";
				SWIFT_EMIT_LOC_STRINGS = YES;
				SWIFT_VERSION = 5.0;
				TARGETED_DEVICE_FAMILY = "1,2";
			};
			name = Debug;
		};
		919CA23429F711E600D4EAA4 /* Release */ = {
			isa = XCBuildConfiguration;
			buildSettings = {
				ASSETCATALOG_COMPILER_APPICON_NAME = AppIcon;
				ASSETCATALOG_COMPILER_GLOBAL_ACCENT_COLOR_NAME = AccentColor;
				CODE_SIGN_STYLE = Automatic;
				CURRENT_PROJECT_VERSION = 1;
				DEVELOPMENT_ASSET_PATHS = "\"ShoppingApp/Preview Content\"";
				ENABLE_PREVIEWS = YES;
				GENERATE_INFOPLIST_FILE = YES;
				INFOPLIST_KEY_UIApplicationSceneManifest_Generation = YES;
				INFOPLIST_KEY_UIApplicationSupportsIndirectInputEvents = YES;
				INFOPLIST_KEY_UILaunchScreen_Generation = YES;
				INFOPLIST_KEY_UISupportedInterfaceOrientations_iPad = "UIInterfaceOrientationPortrait UIInterfaceOrientationPortraitUpsideDown UIInterfaceOrientationLandscapeLeft UIInterfaceOrientationLandscapeRight";
				INFOPLIST_KEY_UISupportedInterfaceOrientations_iPhone = "UIInterfaceOrientationPortrait UIInterfaceOrientationLandscapeLeft UIInterfaceOrientationLandscapeRight";
				LD_RUNPATH_SEARCH_PATHS = (
					"$(inherited)",
					"@executable_path/Frameworks",
				);
				MARKETING_VERSION = 1.0;
				PRODUCT_BUNDLE_IDENTIFIER = "PCL-Health.ShoppingApp";
				PRODUCT_NAME = "$(TARGET_NAME)";
				SWIFT_EMIT_LOC_STRINGS = YES;
				SWIFT_VERSION = 5.0;
				TARGETED_DEVICE_FAMILY = "1,2";
			};
			name = Release;
		};
		919CA23629F711E600D4EAA4 /* Debug */ = {
			isa = XCBuildConfiguration;
			buildSettings = {
				ALWAYS_EMBED_SWIFT_STANDARD_LIBRARIES = YES;
				BUNDLE_LOADER = "$(TEST_HOST)";
				CODE_SIGN_STYLE = Automatic;
				CURRENT_PROJECT_VERSION = 1;
				GENERATE_INFOPLIST_FILE = YES;
				IPHONEOS_DEPLOYMENT_TARGET = 16.2;
				MARKETING_VERSION = 1.0;
				PRODUCT_BUNDLE_IDENTIFIER = "PCL-Health.ShoppingAppTests";
				PRODUCT_NAME = "$(TARGET_NAME)";
				SWIFT_EMIT_LOC_STRINGS = NO;
				SWIFT_VERSION = 5.0;
				TARGETED_DEVICE_FAMILY = "1,2";
				TEST_HOST = "$(BUILT_PRODUCTS_DIR)/ShoppingApp.app/$(BUNDLE_EXECUTABLE_FOLDER_PATH)/ShoppingApp";
			};
			name = Debug;
		};
		919CA23729F711E600D4EAA4 /* Release */ = {
			isa = XCBuildConfiguration;
			buildSettings = {
				ALWAYS_EMBED_SWIFT_STANDARD_LIBRARIES = YES;
				BUNDLE_LOADER = "$(TEST_HOST)";
				CODE_SIGN_STYLE = Automatic;
				CURRENT_PROJECT_VERSION = 1;
				GENERATE_INFOPLIST_FILE = YES;
				IPHONEOS_DEPLOYMENT_TARGET = 16.2;
				MARKETING_VERSION = 1.0;
				PRODUCT_BUNDLE_IDENTIFIER = "PCL-Health.ShoppingAppTests";
				PRODUCT_NAME = "$(TARGET_NAME)";
				SWIFT_EMIT_LOC_STRINGS = NO;
				SWIFT_VERSION = 5.0;
				TARGETED_DEVICE_FAMILY = "1,2";
				TEST_HOST = "$(BUILT_PRODUCTS_DIR)/ShoppingApp.app/$(BUNDLE_EXECUTABLE_FOLDER_PATH)/ShoppingApp";
			};
			name = Release;
		};
		919CA23929F711E600D4EAA4 /* Debug */ = {
			isa = XCBuildConfiguration;
			buildSettings = {
				ALWAYS_EMBED_SWIFT_STANDARD_LIBRARIES = YES;
				CODE_SIGN_STYLE = Automatic;
				CURRENT_PROJECT_VERSION = 1;
				GENERATE_INFOPLIST_FILE = YES;
				MARKETING_VERSION = 1.0;
				PRODUCT_BUNDLE_IDENTIFIER = "PCL-Health.ShoppingAppUITests";
				PRODUCT_NAME = "$(TARGET_NAME)";
				SWIFT_EMIT_LOC_STRINGS = NO;
				SWIFT_VERSION = 5.0;
				TARGETED_DEVICE_FAMILY = "1,2";
				TEST_TARGET_NAME = ShoppingApp;
			};
			name = Debug;
		};
		919CA23A29F711E600D4EAA4 /* Release */ = {
			isa = XCBuildConfiguration;
			buildSettings = {
				ALWAYS_EMBED_SWIFT_STANDARD_LIBRARIES = YES;
				CODE_SIGN_STYLE = Automatic;
				CURRENT_PROJECT_VERSION = 1;
				GENERATE_INFOPLIST_FILE = YES;
				MARKETING_VERSION = 1.0;
				PRODUCT_BUNDLE_IDENTIFIER = "PCL-Health.ShoppingAppUITests";
				PRODUCT_NAME = "$(TARGET_NAME)";
				SWIFT_EMIT_LOC_STRINGS = NO;
				SWIFT_VERSION = 5.0;
				TARGETED_DEVICE_FAMILY = "1,2";
				TEST_TARGET_NAME = ShoppingApp;
			};
			name = Release;
		};
/* End XCBuildConfiguration section */

/* Begin XCConfigurationList section */
		919CA20929F711E400D4EAA4 /* Build configuration list for PBXProject "ShoppingApp" */ = {
			isa = XCConfigurationList;
			buildConfigurations = (
				919CA23029F711E600D4EAA4 /* Debug */,
				919CA23129F711E600D4EAA4 /* Release */,
			);
			defaultConfigurationIsVisible = 0;
			defaultConfigurationName = Release;
		};
		919CA23229F711E600D4EAA4 /* Build configuration list for PBXNativeTarget "ShoppingApp" */ = {
			isa = XCConfigurationList;
			buildConfigurations = (
				919CA23329F711E600D4EAA4 /* Debug */,
				919CA23429F711E600D4EAA4 /* Release */,
			);
			defaultConfigurationIsVisible = 0;
			defaultConfigurationName = Release;
		};
		919CA23529F711E600D4EAA4 /* Build configuration list for PBXNativeTarget "ShoppingAppTests" */ = {
			isa = XCConfigurationList;
			buildConfigurations = (
				919CA23629F711E600D4EAA4 /* Debug */,
				919CA23729F711E600D4EAA4 /* Release */,
			);
			defaultConfigurationIsVisible = 0;
			defaultConfigurationName = Release;
		};
		919CA23829F711E600D4EAA4 /* Build configuration list for PBXNativeTarget "ShoppingAppUITests" */ = {
			isa = XCConfigurationList;
			buildConfigurations = (
				919CA23929F711E600D4EAA4 /* Debug */,
				919CA23A29F711E600D4EAA4 /* Release */,
			);
			defaultConfigurationIsVisible = 0;
			defaultConfigurationName = Release;
		};
/* End XCConfigurationList section */
	};
	rootObject = 919CA20629F711E400D4EAA4 /* Project object */;
}
