// !$*UTF8*$!
{
	archiveVersion = 1;
	classes = {
	};
	objectVersion = 56;
	objects = {

/* Begin PBXBuildFile section */
		919CA12B29F19F8C00D4EAA4 /* slot_machineApp.swift in Sources */ = {isa = PBXBuildFile; fileRef = 919CA12A29F19F8C00D4EAA4 /* slot_machineApp.swift */; };
		919CA12D29F19F8C00D4EAA4 /* ContentView.swift in Sources */ = {isa = PBXBuildFile; fileRef = 919CA12C29F19F8C00D4EAA4 /* ContentView.swift */; };
		919CA12F29F19F8E00D4EAA4 /* Assets.xcassets in Resources */ = {isa = PBXBuildFile; fileRef = 919CA12E29F19F8E00D4EAA4 /* Assets.xcassets */; };
		919CA13229F19F8E00D4EAA4 /* Preview Assets.xcassets in Resources */ = {isa = PBXBuildFile; fileRef = 919CA13129F19F8E00D4EAA4 /* Preview Assets.xcassets */; };
		919CA13C29F19F8E00D4EAA4 /* slot_machineTests.swift in Sources */ = {isa = PBXBuildFile; fileRef = 919CA13B29F19F8E00D4EAA4 /* slot_machineTests.swift */; };
		919CA14629F19F8E00D4EAA4 /* slot_machineUITests.swift in Sources */ = {isa = PBXBuildFile; fileRef = 919CA14529F19F8E00D4EAA4 /* slot_machineUITests.swift */; };
		919CA14829F19F8E00D4EAA4 /* slot_machineUITestsLaunchTests.swift in Sources */ = {isa = PBXBuildFile; fileRef = 919CA14729F19F8E00D4EAA4 /* slot_machineUITestsLaunchTests.swift */; };
		919CA15529F1A00200D4EAA4 /* SwiftUIView.swift in Sources */ = {isa = PBXBuildFile; fileRef = 919CA15429F1A00200D4EAA4 /* SwiftUIView.swift */; };
/* End PBXBuildFile section */

/* Begin PBXContainerItemProxy section */
		919CA13829F19F8E00D4EAA4 /* PBXContainerItemProxy */ = {
			isa = PBXContainerItemProxy;
			containerPortal = 919CA11F29F19F8C00D4EAA4 /* Project object */;
			proxyType = 1;
			remoteGlobalIDString = 919CA12629F19F8C00D4EAA4;
			remoteInfo = "slot-machine";
		};
		919CA14229F19F8E00D4EAA4 /* PBXContainerItemProxy */ = {
			isa = PBXContainerItemProxy;
			containerPortal = 919CA11F29F19F8C00D4EAA4 /* Project object */;
			proxyType = 1;
			remoteGlobalIDString = 919CA12629F19F8C00D4EAA4;
			remoteInfo = "slot-machine";
		};
/* End PBXContainerItemProxy section */

/* Begin PBXFileReference section */
		919CA12729F19F8C00D4EAA4 /* slot-machine.app */ = {isa = PBXFileReference; explicitFileType = wrapper.application; includeInIndex = 0; path = "slot-machine.app"; sourceTree = BUILT_PRODUCTS_DIR; };
		919CA12A29F19F8C00D4EAA4 /* slot_machineApp.swift */ = {isa = PBXFileReference; lastKnownFileType = sourcecode.swift; path = slot_machineApp.swift; sourceTree = "<group>"; };
		919CA12C29F19F8C00D4EAA4 /* ContentView.swift */ = {isa = PBXFileReference; lastKnownFileType = sourcecode.swift; path = ContentView.swift; sourceTree = "<group>"; };
		919CA12E29F19F8E00D4EAA4 /* Assets.xcassets */ = {isa = PBXFileReference; lastKnownFileType = folder.assetcatalog; path = Assets.xcassets; sourceTree = "<group>"; };
		919CA13129F19F8E00D4EAA4 /* Preview Assets.xcassets */ = {isa = PBXFileReference; lastKnownFileType = folder.assetcatalog; path = "Preview Assets.xcassets"; sourceTree = "<group>"; };
		919CA13729F19F8E00D4EAA4 /* slot-machineTests.xctest */ = {isa = PBXFileReference; explicitFileType = wrapper.cfbundle; includeInIndex = 0; path = "slot-machineTests.xctest"; sourceTree = BUILT_PRODUCTS_DIR; };
		919CA13B29F19F8E00D4EAA4 /* slot_machineTests.swift */ = {isa = PBXFileReference; lastKnownFileType = sourcecode.swift; path = slot_machineTests.swift; sourceTree = "<group>"; };
		919CA14129F19F8E00D4EAA4 /* slot-machineUITests.xctest */ = {isa = PBXFileReference; explicitFileType = wrapper.cfbundle; includeInIndex = 0; path = "slot-machineUITests.xctest"; sourceTree = BUILT_PRODUCTS_DIR; };
		919CA14529F19F8E00D4EAA4 /* slot_machineUITests.swift */ = {isa = PBXFileReference; lastKnownFileType = sourcecode.swift; path = slot_machineUITests.swift; sourceTree = "<group>"; };
		919CA14729F19F8E00D4EAA4 /* slot_machineUITestsLaunchTests.swift */ = {isa = PBXFileReference; lastKnownFileType = sourcecode.swift; path = slot_machineUITestsLaunchTests.swift; sourceTree = "<group>"; };
		919CA15429F1A00200D4EAA4 /* SwiftUIView.swift */ = {isa = PBXFileReference; lastKnownFileType = sourcecode.swift; path = SwiftUIView.swift; sourceTree = "<group>"; };
/* End PBXFileReference section */

/* Begin PBXFrameworksBuildPhase section */
		919CA12429F19F8C00D4EAA4 /* Frameworks */ = {
			isa = PBXFrameworksBuildPhase;
			buildActionMask = 2147483647;
			files = (
			);
			runOnlyForDeploymentPostprocessing = 0;
		};
		919CA13429F19F8E00D4EAA4 /* Frameworks */ = {
			isa = PBXFrameworksBuildPhase;
			buildActionMask = 2147483647;
			files = (
			);
			runOnlyForDeploymentPostprocessing = 0;
		};
		919CA13E29F19F8E00D4EAA4 /* Frameworks */ = {
			isa = PBXFrameworksBuildPhase;
			buildActionMask = 2147483647;
			files = (
			);
			runOnlyForDeploymentPostprocessing = 0;
		};
/* End PBXFrameworksBuildPhase section */

/* Begin PBXGroup section */
		919CA11E29F19F8C00D4EAA4 = {
			isa = PBXGroup;
			children = (
				919CA12929F19F8C00D4EAA4 /* slot-machine */,
				919CA13A29F19F8E00D4EAA4 /* slot-machineTests */,
				919CA14429F19F8E00D4EAA4 /* slot-machineUITests */,
				919CA12829F19F8C00D4EAA4 /* Products */,
			);
			sourceTree = "<group>";
		};
		919CA12829F19F8C00D4EAA4 /* Products */ = {
			isa = PBXGroup;
			children = (
				919CA12729F19F8C00D4EAA4 /* slot-machine.app */,
				919CA13729F19F8E00D4EAA4 /* slot-machineTests.xctest */,
				919CA14129F19F8E00D4EAA4 /* slot-machineUITests.xctest */,
			);
			name = Products;
			sourceTree = "<group>";
		};
		919CA12929F19F8C00D4EAA4 /* slot-machine */ = {
			isa = PBXGroup;
			children = (
				919CA12A29F19F8C00D4EAA4 /* slot_machineApp.swift */,
				919CA12C29F19F8C00D4EAA4 /* ContentView.swift */,
				919CA12E29F19F8E00D4EAA4 /* Assets.xcassets */,
				919CA13029F19F8E00D4EAA4 /* Preview Content */,
				919CA15429F1A00200D4EAA4 /* SwiftUIView.swift */,
			);
			path = "slot-machine";
			sourceTree = "<group>";
		};
		919CA13029F19F8E00D4EAA4 /* Preview Content */ = {
			isa = PBXGroup;
			children = (
				919CA13129F19F8E00D4EAA4 /* Preview Assets.xcassets */,
			);
			path = "Preview Content";
			sourceTree = "<group>";
		};
		919CA13A29F19F8E00D4EAA4 /* slot-machineTests */ = {
			isa = PBXGroup;
			children = (
				919CA13B29F19F8E00D4EAA4 /* slot_machineTests.swift */,
			);
			path = "slot-machineTests";
			sourceTree = "<group>";
		};
		919CA14429F19F8E00D4EAA4 /* slot-machineUITests */ = {
			isa = PBXGroup;
			children = (
				919CA14529F19F8E00D4EAA4 /* slot_machineUITests.swift */,
				919CA14729F19F8E00D4EAA4 /* slot_machineUITestsLaunchTests.swift */,
			);
			path = "slot-machineUITests";
			sourceTree = "<group>";
		};
/* End PBXGroup section */

/* Begin PBXNativeTarget section */
		919CA12629F19F8C00D4EAA4 /* slot-machine */ = {
			isa = PBXNativeTarget;
			buildConfigurationList = 919CA14B29F19F8E00D4EAA4 /* Build configuration list for PBXNativeTarget "slot-machine" */;
			buildPhases = (
				919CA12329F19F8C00D4EAA4 /* Sources */,
				919CA12429F19F8C00D4EAA4 /* Frameworks */,
				919CA12529F19F8C00D4EAA4 /* Resources */,
			);
			buildRules = (
			);
			dependencies = (
			);
			name = "slot-machine";
			productName = "slot-machine";
			productReference = 919CA12729F19F8C00D4EAA4 /* slot-machine.app */;
			productType = "com.apple.product-type.application";
		};
		919CA13629F19F8E00D4EAA4 /* slot-machineTests */ = {
			isa = PBXNativeTarget;
			buildConfigurationList = 919CA14E29F19F8E00D4EAA4 /* Build configuration list for PBXNativeTarget "slot-machineTests" */;
			buildPhases = (
				919CA13329F19F8E00D4EAA4 /* Sources */,
				919CA13429F19F8E00D4EAA4 /* Frameworks */,
				919CA13529F19F8E00D4EAA4 /* Resources */,
			);
			buildRules = (
			);
			dependencies = (
				919CA13929F19F8E00D4EAA4 /* PBXTargetDependency */,
			);
			name = "slot-machineTests";
			productName = "slot-machineTests";
			productReference = 919CA13729F19F8E00D4EAA4 /* slot-machineTests.xctest */;
			productType = "com.apple.product-type.bundle.unit-test";
		};
		919CA14029F19F8E00D4EAA4 /* slot-machineUITests */ = {
			isa = PBXNativeTarget;
			buildConfigurationList = 919CA15129F19F8E00D4EAA4 /* Build configuration list for PBXNativeTarget "slot-machineUITests" */;
			buildPhases = (
				919CA13D29F19F8E00D4EAA4 /* Sources */,
				919CA13E29F19F8E00D4EAA4 /* Frameworks */,
				919CA13F29F19F8E00D4EAA4 /* Resources */,
			);
			buildRules = (
			);
			dependencies = (
				919CA14329F19F8E00D4EAA4 /* PBXTargetDependency */,
			);
			name = "slot-machineUITests";
			productName = "slot-machineUITests";
			productReference = 919CA14129F19F8E00D4EAA4 /* slot-machineUITests.xctest */;
			productType = "com.apple.product-type.bundle.ui-testing";
		};
/* End PBXNativeTarget section */

/* Begin PBXProject section */
		919CA11F29F19F8C00D4EAA4 /* Project object */ = {
			isa = PBXProject;
			attributes = {
				BuildIndependentTargetsInParallel = 1;
				LastSwiftUpdateCheck = 1420;
				LastUpgradeCheck = 1420;
				TargetAttributes = {
					919CA12629F19F8C00D4EAA4 = {
						CreatedOnToolsVersion = 14.2;
					};
					919CA13629F19F8E00D4EAA4 = {
						CreatedOnToolsVersion = 14.2;
						TestTargetID = 919CA12629F19F8C00D4EAA4;
					};
					919CA14029F19F8E00D4EAA4 = {
						CreatedOnToolsVersion = 14.2;
						TestTargetID = 919CA12629F19F8C00D4EAA4;
					};
				};
			};
			buildConfigurationList = 919CA12229F19F8C00D4EAA4 /* Build configuration list for PBXProject "slot-machine" */;
			compatibilityVersion = "Xcode 14.0";
			developmentRegion = en;
			hasScannedForEncodings = 0;
			knownRegions = (
				en,
				Base,
			);
			mainGroup = 919CA11E29F19F8C00D4EAA4;
			productRefGroup = 919CA12829F19F8C00D4EAA4 /* Products */;
			projectDirPath = "";
			projectRoot = "";
			targets = (
				919CA12629F19F8C00D4EAA4 /* slot-machine */,
				919CA13629F19F8E00D4EAA4 /* slot-machineTests */,
				919CA14029F19F8E00D4EAA4 /* slot-machineUITests */,
			);
		};
/* End PBXProject section */

/* Begin PBXResourcesBuildPhase section */
		919CA12529F19F8C00D4EAA4 /* Resources */ = {
			isa = PBXResourcesBuildPhase;
			buildActionMask = 2147483647;
			files = (
				919CA13229F19F8E00D4EAA4 /* Preview Assets.xcassets in Resources */,
				919CA12F29F19F8E00D4EAA4 /* Assets.xcassets in Resources */,
			);
			runOnlyForDeploymentPostprocessing = 0;
		};
		919CA13529F19F8E00D4EAA4 /* Resources */ = {
			isa = PBXResourcesBuildPhase;
			buildActionMask = 2147483647;
			files = (
			);
			runOnlyForDeploymentPostprocessing = 0;
		};
		919CA13F29F19F8E00D4EAA4 /* Resources */ = {
			isa = PBXResourcesBuildPhase;
			buildActionMask = 2147483647;
			files = (
			);
			runOnlyForDeploymentPostprocessing = 0;
		};
/* End PBXResourcesBuildPhase section */

/* Begin PBXSourcesBuildPhase section */
		919CA12329F19F8C00D4EAA4 /* Sources */ = {
			isa = PBXSourcesBuildPhase;
			buildActionMask = 2147483647;
			files = (
				919CA12D29F19F8C00D4EAA4 /* ContentView.swift in Sources */,
				919CA12B29F19F8C00D4EAA4 /* slot_machineApp.swift in Sources */,
				919CA15529F1A00200D4EAA4 /* SwiftUIView.swift in Sources */,
			);
			runOnlyForDeploymentPostprocessing = 0;
		};
		919CA13329F19F8E00D4EAA4 /* Sources */ = {
			isa = PBXSourcesBuildPhase;
			buildActionMask = 2147483647;
			files = (
				919CA13C29F19F8E00D4EAA4 /* slot_machineTests.swift in Sources */,
			);
			runOnlyForDeploymentPostprocessing = 0;
		};
		919CA13D29F19F8E00D4EAA4 /* Sources */ = {
			isa = PBXSourcesBuildPhase;
			buildActionMask = 2147483647;
			files = (
				919CA14829F19F8E00D4EAA4 /* slot_machineUITestsLaunchTests.swift in Sources */,
				919CA14629F19F8E00D4EAA4 /* slot_machineUITests.swift in Sources */,
			);
			runOnlyForDeploymentPostprocessing = 0;
		};
/* End PBXSourcesBuildPhase section */

/* Begin PBXTargetDependency section */
		919CA13929F19F8E00D4EAA4 /* PBXTargetDependency */ = {
			isa = PBXTargetDependency;
			target = 919CA12629F19F8C00D4EAA4 /* slot-machine */;
			targetProxy = 919CA13829F19F8E00D4EAA4 /* PBXContainerItemProxy */;
		};
		919CA14329F19F8E00D4EAA4 /* PBXTargetDependency */ = {
			isa = PBXTargetDependency;
			target = 919CA12629F19F8C00D4EAA4 /* slot-machine */;
			targetProxy = 919CA14229F19F8E00D4EAA4 /* PBXContainerItemProxy */;
		};
/* End PBXTargetDependency section */

/* Begin XCBuildConfiguration section */
		919CA14929F19F8E00D4EAA4 /* Debug */ = {
			isa = XCBuildConfiguration;
			buildSettings = {
				ALWAYS_SEARCH_USER_PATHS = NO;
				CLANG_ANALYZER_NONNULL = YES;
				CLANG_ANALYZER_NUMBER_OBJECT_CONVERSION = YES_AGGRESSIVE;
				CLANG_CXX_LANGUAGE_STANDARD = "gnu++20";
				CLANG_ENABLE_MODULES = YES;
				CLANG_ENABLE_OBJC_ARC = YES;
				CLANG_ENABLE_OBJC_WEAK = YES;
				CLANG_WARN_BLOCK_CAPTURE_AUTORELEASING = YES;
				CLANG_WARN_BOOL_CONVERSION = YES;
				CLANG_WARN_COMMA = YES;
				CLANG_WARN_CONSTANT_CONVERSION = YES;
				CLANG_WARN_DEPRECATED_OBJC_IMPLEMENTATIONS = YES;
				CLANG_WARN_DIRECT_OBJC_ISA_USAGE = YES_ERROR;
				CLANG_WARN_DOCUMENTATION_COMMENTS = YES;
				CLANG_WARN_EMPTY_BODY = YES;
				CLANG_WARN_ENUM_CONVERSION = YES;
				CLANG_WARN_INFINITE_RECURSION = YES;
				CLANG_WARN_INT_CONVERSION = YES;
				CLANG_WARN_NON_LITERAL_NULL_CONVERSION = YES;
				CLANG_WARN_OBJC_IMPLICIT_RETAIN_SELF = YES;
				CLANG_WARN_OBJC_LITERAL_CONVERSION = YES;
				CLANG_WARN_OBJC_ROOT_CLASS = YES_ERROR;
				CLANG_WARN_QUOTED_INCLUDE_IN_FRAMEWORK_HEADER = YES;
				CLANG_WARN_RANGE_LOOP_ANALYSIS = YES;
				CLANG_WARN_STRICT_PROTOTYPES = YES;
				CLANG_WARN_SUSPICIOUS_MOVE = YES;
				CLANG_WARN_UNGUARDED_AVAILABILITY = YES_AGGRESSIVE;
				CLANG_WARN_UNREACHABLE_CODE = YES;
				CLANG_WARN__DUPLICATE_METHOD_MATCH = YES;
				COPY_PHASE_STRIP = NO;
				DEBUG_INFORMATION_FORMAT = dwarf;
				ENABLE_STRICT_OBJC_MSGSEND = YES;
				ENABLE_TESTABILITY = YES;
				GCC_C_LANGUAGE_STANDARD = gnu11;
				GCC_DYNAMIC_NO_PIC = NO;
				GCC_NO_COMMON_BLOCKS = YES;
				GCC_OPTIMIZATION_LEVEL = 0;
				GCC_PREPROCESSOR_DEFINITIONS = (
					"DEBUG=1",
					"$(inherited)",
				);
				GCC_WARN_64_TO_32_BIT_CONVERSION = YES;
				GCC_WARN_ABOUT_RETURN_TYPE = YES_ERROR;
				GCC_WARN_UNDECLARED_SELECTOR = YES;
				GCC_WARN_UNINITIALIZED_AUTOS = YES_AGGRESSIVE;
				GCC_WARN_UNUSED_FUNCTION = YES;
				GCC_WARN_UNUSED_VARIABLE = YES;
				IPHONEOS_DEPLOYMENT_TARGET = 16.2;
				MTL_ENABLE_DEBUG_INFO = INCLUDE_SOURCE;
				MTL_FAST_MATH = YES;
				ONLY_ACTIVE_ARCH = YES;
				SDKROOT = iphoneos;
				SWIFT_ACTIVE_COMPILATION_CONDITIONS = DEBUG;
				SWIFT_OPTIMIZATION_LEVEL = "-Onone";
			};
			name = Debug;
		};
		919CA14A29F19F8E00D4EAA4 /* Release */ = {
			isa = XCBuildConfiguration;
			buildSettings = {
				ALWAYS_SEARCH_USER_PATHS = NO;
				CLANG_ANALYZER_NONNULL = YES;
				CLANG_ANALYZER_NUMBER_OBJECT_CONVERSION = YES_AGGRESSIVE;
				CLANG_CXX_LANGUAGE_STANDARD = "gnu++20";
				CLANG_ENABLE_MODULES = YES;
				CLANG_ENABLE_OBJC_ARC = YES;
				CLANG_ENABLE_OBJC_WEAK = YES;
				CLANG_WARN_BLOCK_CAPTURE_AUTORELEASING = YES;
				CLANG_WARN_BOOL_CONVERSION = YES;
				CLANG_WARN_COMMA = YES;
				CLANG_WARN_CONSTANT_CONVERSION = YES;
				CLANG_WARN_DEPRECATED_OBJC_IMPLEMENTATIONS = YES;
				CLANG_WARN_DIRECT_OBJC_ISA_USAGE = YES_ERROR;
				CLANG_WARN_DOCUMENTATION_COMMENTS = YES;
				CLANG_WARN_EMPTY_BODY = YES;
				CLANG_WARN_ENUM_CONVERSION = YES;
				CLANG_WARN_INFINITE_RECURSION = YES;
				CLANG_WARN_INT_CONVERSION = YES;
				CLANG_WARN_NON_LITERAL_NULL_CONVERSION = YES;
				CLANG_WARN_OBJC_IMPLICIT_RETAIN_SELF = YES;
				CLANG_WARN_OBJC_LITERAL_CONVERSION = YES;
				CLANG_WARN_OBJC_ROOT_CLASS = YES_ERROR;
				CLANG_WARN_QUOTED_INCLUDE_IN_FRAMEWORK_HEADER = YES;
				CLANG_WARN_RANGE_LOOP_ANALYSIS = YES;
				CLANG_WARN_STRICT_PROTOTYPES = YES;
				CLANG_WARN_SUSPICIOUS_MOVE = YES;
				CLANG_WARN_UNGUARDED_AVAILABILITY = YES_AGGRESSIVE;
				CLANG_WARN_UNREACHABLE_CODE = YES;
				CLANG_WARN__DUPLICATE_METHOD_MATCH = YES;
				COPY_PHASE_STRIP = NO;
				DEBUG_INFORMATION_FORMAT = "dwarf-with-dsym";
				ENABLE_NS_ASSERTIONS = NO;
				ENABLE_STRICT_OBJC_MSGSEND = YES;
				GCC_C_LANGUAGE_STANDARD = gnu11;
				GCC_NO_COMMON_BLOCKS = YES;
				GCC_WARN_64_TO_32_BIT_CONVERSION = YES;
				GCC_WARN_ABOUT_RETURN_TYPE = YES_ERROR;
				GCC_WARN_UNDECLARED_SELECTOR = YES;
				GCC_WARN_UNINITIALIZED_AUTOS = YES_AGGRESSIVE;
				GCC_WARN_UNUSED_FUNCTION = YES;
				GCC_WARN_UNUSED_VARIABLE = YES;
				IPHONEOS_DEPLOYMENT_TARGET = 16.2;
				MTL_ENABLE_DEBUG_INFO = NO;
				MTL_FAST_MATH = YES;
				SDKROOT = iphoneos;
				SWIFT_COMPILATION_MODE = wholemodule;
				SWIFT_OPTIMIZATION_LEVEL = "-O";
				VALIDATE_PRODUCT = YES;
			};
			name = Release;
		};
		919CA14C29F19F8E00D4EAA4 /* Debug */ = {
			isa = XCBuildConfiguration;
			buildSettings = {
				ASSETCATALOG_COMPILER_APPICON_NAME = AppIcon;
				ASSETCATALOG_COMPILER_GLOBAL_ACCENT_COLOR_NAME = AccentColor;
				CODE_SIGN_STYLE = Automatic;
				CURRENT_PROJECT_VERSION = 1;
				DEVELOPMENT_ASSET_PATHS = "\"slot-machine/Preview Content\"";
				ENABLE_PREVIEWS = YES;
				GENERATE_INFOPLIST_FILE = YES;
				INFOPLIST_KEY_UIApplicationSceneManifest_Generation = YES;
				INFOPLIST_KEY_UIApplicationSupportsIndirectInputEvents = YES;
				INFOPLIST_KEY_UILaunchScreen_Generation = YES;
				INFOPLIST_KEY_UISupportedInterfaceOrientations_iPad = "UIInterfaceOrientationPortrait UIInterfaceOrientationPortraitUpsideDown UIInterfaceOrientationLandscapeLeft UIInterfaceOrientationLandscapeRight";
				INFOPLIST_KEY_UISupportedInterfaceOrientations_iPhone = "UIInterfaceOrientationPortrait UIInterfaceOrientationLandscapeLeft UIInterfaceOrientationLandscapeRight";
				LD_RUNPATH_SEARCH_PATHS = (
					"$(inherited)",
					"@executable_path/Frameworks",
				);
				MARKETING_VERSION = 1.0;
				PRODUCT_BUNDLE_IDENTIFIER = "PCL-Health.slot-machine";
				PRODUCT_NAME = "$(TARGET_NAME)";
				SWIFT_EMIT_LOC_STRINGS = YES;
				SWIFT_VERSION = 5.0;
				TARGETED_DEVICE_FAMILY = "1,2";
			};
			name = Debug;
		};
		919CA14D29F19F8E00D4EAA4 /* Release */ = {
			isa = XCBuildConfiguration;
			buildSettings = {
				ASSETCATALOG_COMPILER_APPICON_NAME = AppIcon;
				ASSETCATALOG_COMPILER_GLOBAL_ACCENT_COLOR_NAME = AccentColor;
				CODE_SIGN_STYLE = Automatic;
				CURRENT_PROJECT_VERSION = 1;
				DEVELOPMENT_ASSET_PATHS = "\"slot-machine/Preview Content\"";
				ENABLE_PREVIEWS = YES;
				GENERATE_INFOPLIST_FILE = YES;
				INFOPLIST_KEY_UIApplicationSceneManifest_Generation = YES;
				INFOPLIST_KEY_UIApplicationSupportsIndirectInputEvents = YES;
				INFOPLIST_KEY_UILaunchScreen_Generation = YES;
				INFOPLIST_KEY_UISupportedInterfaceOrientations_iPad = "UIInterfaceOrientationPortrait UIInterfaceOrientationPortraitUpsideDown UIInterfaceOrientationLandscapeLeft UIInterfaceOrientationLandscapeRight";
				INFOPLIST_KEY_UISupportedInterfaceOrientations_iPhone = "UIInterfaceOrientationPortrait UIInterfaceOrientationLandscapeLeft UIInterfaceOrientationLandscapeRight";
				LD_RUNPATH_SEARCH_PATHS = (
					"$(inherited)",
					"@executable_path/Frameworks",
				);
				MARKETING_VERSION = 1.0;
				PRODUCT_BUNDLE_IDENTIFIER = "PCL-Health.slot-machine";
				PRODUCT_NAME = "$(TARGET_NAME)";
				SWIFT_EMIT_LOC_STRINGS = YES;
				SWIFT_VERSION = 5.0;
				TARGETED_DEVICE_FAMILY = "1,2";
			};
			name = Release;
		};
		919CA14F29F19F8E00D4EAA4 /* Debug */ = {
			isa = XCBuildConfiguration;
			buildSettings = {
				ALWAYS_EMBED_SWIFT_STANDARD_LIBRARIES = YES;
				BUNDLE_LOADER = "$(TEST_HOST)";
				CODE_SIGN_STYLE = Automatic;
				CURRENT_PROJECT_VERSION = 1;
				GENERATE_INFOPLIST_FILE = YES;
				IPHONEOS_DEPLOYMENT_TARGET = 16.2;
				MARKETING_VERSION = 1.0;
				PRODUCT_BUNDLE_IDENTIFIER = "PCL-Health.slot-machineTests";
				PRODUCT_NAME = "$(TARGET_NAME)";
				SWIFT_EMIT_LOC_STRINGS = NO;
				SWIFT_VERSION = 5.0;
				TARGETED_DEVICE_FAMILY = "1,2";
				TEST_HOST = "$(BUILT_PRODUCTS_DIR)/slot-machine.app/$(BUNDLE_EXECUTABLE_FOLDER_PATH)/slot-machine";
			};
			name = Debug;
		};
		919CA15029F19F8E00D4EAA4 /* Release */ = {
			isa = XCBuildConfiguration;
			buildSettings = {
				ALWAYS_EMBED_SWIFT_STANDARD_LIBRARIES = YES;
				BUNDLE_LOADER = "$(TEST_HOST)";
				CODE_SIGN_STYLE = Automatic;
				CURRENT_PROJECT_VERSION = 1;
				GENERATE_INFOPLIST_FILE = YES;
				IPHONEOS_DEPLOYMENT_TARGET = 16.2;
				MARKETING_VERSION = 1.0;
				PRODUCT_BUNDLE_IDENTIFIER = "PCL-Health.slot-machineTests";
				PRODUCT_NAME = "$(TARGET_NAME)";
				SWIFT_EMIT_LOC_STRINGS = NO;
				SWIFT_VERSION = 5.0;
				TARGETED_DEVICE_FAMILY = "1,2";
				TEST_HOST = "$(BUILT_PRODUCTS_DIR)/slot-machine.app/$(BUNDLE_EXECUTABLE_FOLDER_PATH)/slot-machine";
			};
			name = Release;
		};
		919CA15229F19F8E00D4EAA4 /* Debug */ = {
			isa = XCBuildConfiguration;
			buildSettings = {
				ALWAYS_EMBED_SWIFT_STANDARD_LIBRARIES = YES;
				CODE_SIGN_STYLE = Automatic;
				CURRENT_PROJECT_VERSION = 1;
				GENERATE_INFOPLIST_FILE = YES;
				MARKETING_VERSION = 1.0;
				PRODUCT_BUNDLE_IDENTIFIER = "PCL-Health.slot-machineUITests";
				PRODUCT_NAME = "$(TARGET_NAME)";
				SWIFT_EMIT_LOC_STRINGS = NO;
				SWIFT_VERSION = 5.0;
				TARGETED_DEVICE_FAMILY = "1,2";
				TEST_TARGET_NAME = "slot-machine";
			};
			name = Debug;
		};
		919CA15329F19F8E00D4EAA4 /* Release */ = {
			isa = XCBuildConfiguration;
			buildSettings = {
				ALWAYS_EMBED_SWIFT_STANDARD_LIBRARIES = YES;
				CODE_SIGN_STYLE = Automatic;
				CURRENT_PROJECT_VERSION = 1;
				GENERATE_INFOPLIST_FILE = YES;
				MARKETING_VERSION = 1.0;
				PRODUCT_BUNDLE_IDENTIFIER = "PCL-Health.slot-machineUITests";
				PRODUCT_NAME = "$(TARGET_NAME)";
				SWIFT_EMIT_LOC_STRINGS = NO;
				SWIFT_VERSION = 5.0;
				TARGETED_DEVICE_FAMILY = "1,2";
				TEST_TARGET_NAME = "slot-machine";
			};
			name = Release;
		};
/* End XCBuildConfiguration section */

/* Begin XCConfigurationList section */
		919CA12229F19F8C00D4EAA4 /* Build configuration list for PBXProject "slot-machine" */ = {
			isa = XCConfigurationList;
			buildConfigurations = (
				919CA14929F19F8E00D4EAA4 /* Debug */,
				919CA14A29F19F8E00D4EAA4 /* Release */,
			);
			defaultConfigurationIsVisible = 0;
			defaultConfigurationName = Release;
		};
		919CA14B29F19F8E00D4EAA4 /* Build configuration list for PBXNativeTarget "slot-machine" */ = {
			isa = XCConfigurationList;
			buildConfigurations = (
				919CA14C29F19F8E00D4EAA4 /* Debug */,
				919CA14D29F19F8E00D4EAA4 /* Release */,
			);
			defaultConfigurationIsVisible = 0;
			defaultConfigurationName = Release;
		};
		919CA14E29F19F8E00D4EAA4 /* Build configuration list for PBXNativeTarget "slot-machineTests" */ = {
			isa = XCConfigurationList;
			buildConfigurations = (
				919CA14F29F19F8E00D4EAA4 /* Debug */,
				919CA15029F19F8E00D4EAA4 /* Release */,
			);
			defaultConfigurationIsVisible = 0;
			defaultConfigurationName = Release;
		};
		919CA15129F19F8E00D4EAA4 /* Build configuration list for PBXNativeTarget "slot-machineUITests" */ = {
			isa = XCConfigurationList;
			buildConfigurations = (
				919CA15229F19F8E00D4EAA4 /* Debug */,
				919CA15329F19F8E00D4EAA4 /* Release */,
			);
			defaultConfigurationIsVisible = 0;
			defaultConfigurationName = Release;
		};
/* End XCConfigurationList section */
	};
	rootObject = 919CA11F29F19F8C00D4EAA4 /* Project object */;
}
